
Microsoft Visual Studio Solution File, Format Version 12.00
# Visual Studio Version 16
VisualStudioVersion = 16.0.810.23
MinimumVisualStudioVersion = 10.0.40219.1
Project("{FAE04EC0-301F-11D3-BF4B-00C04F79EFBC}") = "Web1001_WebApplication", "Web1001_WebApplication\Web1001_WebApplication.csproj", "{C5460D90-F420-4082-85E1-BCFC57C9715C}"
EndProject
Global
	GlobalSection(SolutionConfigurationPlatforms) = preSolution
		Debug|Any CPU = Debug|Any CPU
		Release|Any CPU = Release|Any CPU
	EndGlobalSection
	GlobalSection(ProjectConfigurationPlatforms) = postSolution
		{C5460D90-F420-4082-85E1-BCFC57C9715C}.Debug|Any CPU.ActiveCfg = Debug|Any CPU
		{C5460D90-F420-4082-85E1-BCFC57C9715C}.Debug|Any CPU.Build.0 = Debug|Any CPU
		{C5460D90-F420-4082-85E1-BCFC57C9715C}.Release|Any CPU.ActiveCfg = Release|Any CPU
		{C5460D90-F420-4082-85E1-BCFC57C9715C}.Release|Any CPU.Build.0 = Release|Any CPU
	EndGlobalSection
	GlobalSection(SolutionProperties) = preSolution
		HideSolutionNode = FALSE
	EndGlobalSection
	GlobalSection(ExtensibilityGlobals) = postSolution
		SolutionGuid = {C7AF24A8-24B7-4F14-967B-E50DD3000479}
	EndGlobalSection
EndGlobal
